// !$*UTF8*$!
{
	archiveVersion = 1;
	classes = {
	};
	objectVersion = 46;
	objects = {

/* Begin PBXBuildFile section */
		5209E1D61C2757FB0069F18E /* AppDelegate.swift in Sources */ = {isa = PBXBuildFile; fileRef = 5209E1D51C2757FB0069F18E /* AppDelegate.swift */; };
		5209E1D81C2757FB0069F18E /* Assets.xcassets in Resources */ = {isa = PBXBuildFile; fileRef = 5209E1D71C2757FB0069F18E /* Assets.xcassets */; };
		5209E1DB1C2757FB0069F18E /* MainMenu.xib in Resources */ = {isa = PBXBuildFile; fileRef = 5209E1D91C2757FB0069F18E /* MainMenu.xib */; };
/* End PBXBuildFile section */

/* Begin PBXFileReference section */
		5209E1D21C2757FB0069F18E /* fn Toggle.app */ = {isa = PBXFileReference; explicitFileType = wrapper.application; includeInIndex = 0; path = "fn Toggle.app"; sourceTree = BUILT_PRODUCTS_DIR; };
		5209E1D51C2757FB0069F18E /* AppDelegate.swift */ = {isa = PBXFileReference; lastKnownFileType = sourcecode.swift; path = AppDelegate.swift; sourceTree = "<group>"; };
		5209E1D71C2757FB0069F18E /* Assets.xcassets */ = {isa = PBXFileReference; lastKnownFileType = folder.assetcatalog; path = Assets.xcassets; sourceTree = "<group>"; };
		5209E1DA1C2757FB0069F18E /* Base */ = {isa = PBXFileReference; lastKnownFileType = file.xib; name = Base; path = Base.lproj/MainMenu.xib; sourceTree = "<group>"; };
		5209E1DC1C2757FB0069F18E /* Info.plist */ = {isa = PBXFileReference; lastKnownFileType = text.plist.xml; path = Info.plist; sourceTree = "<group>"; };
		52F342FF1C290741009AE9B4 /* fnToggle.scpt */ = {isa = PBXFileReference; lastKnownFileType = file; path = fnToggle.scpt; sourceTree = "<group>"; };
/* End PBXFileReference section */

/* Begin PBXFrameworksBuildPhase section */
		5209E1CF1C2757FB0069F18E /* Frameworks */ = {
			isa = PBXFrameworksBuildPhase;
			buildActionMask = 2147483647;
			files = (
			);
			runOnlyForDeploymentPostprocessing = 0;
		};
/* End PBXFrameworksBuildPhase section */

/* Begin PBXGroup section */
		5209E1C91C2757FB0069F18E = {
			isa = PBXGroup;
			children = (
				5209E1D41C2757FB0069F18E /* fn Toggle */,
				5209E1D31C2757FB0069F18E /* Products */,
			);
			sourceTree = "<group>";
		};
		5209E1D31C2757FB0069F18E /* Products */ = {
			isa = PBXGroup;
			children = (
				5209E1D21C2757FB0069F18E /* fn Toggle.app */,
			);
			name = Products;
			sourceTree = "<group>";
		};
		5209E1D41C2757FB0069F18E /* fn Toggle */ = {
			isa = PBXGroup;
			children = (
				5209E1D51C2757FB0069F18E /* AppDelegate.swift */,
				5209E1D71C2757FB0069F18E /* Assets.xcassets */,
				5209E1D91C2757FB0069F18E /* MainMenu.xib */,
				5209E1DC1C2757FB0069F18E /* Info.plist */,
				52F342FF1C290741009AE9B4 /* fnToggle.scpt */,
			);
			path = "fn Toggle";
			sourceTree = "<group>";
		};
/* End PBXGroup section */

/* Begin PBXNativeTarget section */
		5209E1D11C2757FB0069F18E /* fn Toggle */ = {
			isa = PBXNativeTarget;
			buildConfigurationList = 5209E1DF1C2757FB0069F18E /* Build configuration list for PBXNativeTarget "fn Toggle" */;
			buildPhases = (
				5209E1CE1C2757FB0069F18E /* Sources */,
				5209E1CF1C2757FB0069F18E /* Frameworks */,
				5209E1D01C2757FB0069F18E /* Resources */,
			);
			buildRules = (
			);
			dependencies = (
			);
			name = "fn Toggle";
			productName = "fn Toggle";
			productReference = 5209E1D21C2757FB0069F18E /* fn Toggle.app */;
			productType = "com.apple.product-type.application";
		};
/* End PBXNativeTarget section */

/* Begin PBXProject section */
		5209E1CA1C2757FB0069F18E /* Project object */ = {
			isa = PBXProject;
			attributes = {
				LastSwiftUpdateCheck = 0720;
				LastUpgradeCheck = 0720;
				ORGANIZATIONNAME = Spiraal;
				TargetAttributes = {
					5209E1D11C2757FB0069F18E = {
						CreatedOnToolsVersion = 7.2;
						DevelopmentTeam = P234QZN5F5;
					};
				};
			};
			buildConfigurationList = 5209E1CD1C2757FB0069F18E /* Build configuration list for PBXProject "fn Toggle" */;
			compatibilityVersion = "Xcode 3.2";
			developmentRegion = English;
			hasScannedForEncodings = 0;
			knownRegions = (
				en,
				Base,
			);
			mainGroup = 5209E1C91C2757FB0069F18E;
			productRefGroup = 5209E1D31C2757FB0069F18E /* Products */;
			projectDirPath = "";
			projectRoot = "";
			targets = (
				5209E1D11C2757FB0069F18E /* fn Toggle */,
			);
		};
/* End PBXProject section */

/* Begin PBXResourcesBuildPhase section */
		5209E1D01C2757FB0069F18E /* Resources */ = {
			isa = PBXResourcesBuildPhase;
			buildActionMask = 2147483647;
			files = (
				5209E1D81C2757FB0069F18E /* Assets.xcassets in Resources */,
				5209E1DB1C2757FB0069F18E /* MainMenu.xib in Resources */,
			);
			runOnlyForDeploymentPostprocessing = 0;
		};
/* End PBXResourcesBuildPhase section */

/* Begin PBXSourcesBuildPhase section */
		5209E1CE1C2757FB0069F18E /* Sources */ = {
			isa = PBXSourcesBuildPhase;
			buildActionMask = 2147483647;
			files = (
				5209E1D61C2757FB0069F18E /* AppDelegate.swift in Sources */,
			);
			runOnlyForDeploymentPostprocessing = 0;
		};
/* End PBXSourcesBuildPhase section */

/* Begin PBXVariantGroup section */
		5209E1D91C2757FB0069F18E /* MainMenu.xib */ = {
			isa = PBXVariantGroup;
			children = (
				5209E1DA1C2757FB0069F18E /* Base */,
			);
			name = MainMenu.xib;
			sourceTree = "<group>";
		};
/* End PBXVariantGroup section */

/* Begin XCBuildConfiguration section */
		5209E1DD1C2757FB0069F18E /* Debug */ = {
			isa = XCBuildConfiguration;
			buildSettings = {
				ALWAYS_SEARCH_USER_PATHS = NO;
				CLANG_CXX_LANGUAGE_STANDARD = "gnu++0x";
				CLANG_CXX_LIBRARY = "libc++";
				CLANG_ENABLE_MODULES = YES;
				CLANG_ENABLE_OBJC_ARC = YES;
				CLANG_WARN_BOOL_CONVERSION = YES;
				CLANG_WARN_CONSTANT_CONVERSION = YES;
				CLANG_WARN_DIRECT_OBJC_ISA_USAGE = YES_ERROR;
				CLANG_WARN_EMPTY_BODY = YES;
				CLANG_WARN_ENUM_CONVERSION = YES;
				CLANG_WARN_INT_CONVERSION = YES;
				CLANG_WARN_OBJC_ROOT_CLASS = YES_ERROR;
				CLANG_WARN_UNREACHABLE_CODE = YES;
				CLANG_WARN__DUPLICATE_METHOD_MATCH = YES;
				CODE_SIGN_IDENTITY = "-";
				COPY_PHASE_STRIP = NO;
				DEBUG_INFORMATION_FORMAT = dwarf;
				ENABLE_STRICT_OBJC_MSGSEND = YES;
				ENABLE_TESTABILITY = YES;
				GCC_C_LANGUAGE_STANDARD = gnu99;
				GCC_DYNAMIC_NO_PIC = NO;
				GCC_NO_COMMON_BLOCKS = YES;
				GCC_OPTIMIZATION_LEVEL = 0;
				GCC_PREPROCESSOR_DEFINITIONS = (
					"DEBUG=1",
					"$(inherited)",
				);
				GCC_WARN_64_TO_32_BIT_CONVERSION = YES;
				GCC_WARN_ABOUT_RETURN_TYPE = YES_ERROR;
				GCC_WARN_UNDECLARED_SELECTOR = YES;
				GCC_WARN_UNINITIALIZED_AUTOS = YES_AGGRESSIVE;
				GCC_WARN_UNUSED_FUNCTION = YES;
				GCC_WARN_UNUSED_VARIABLE = YES;
				MACOSX_DEPLOYMENT_TARGET = 10.11;
				MTL_ENABLE_DEBUG_INFO = YES;
				ONLY_ACTIVE_ARCH = YES;
				SDKROOT = macosx;
				SWIFT_OPTIMIZATION_LEVEL = "-Onone";
			};
			name = Debug;
		};
		5209E1DE1C2757FB0069F18E /* Release */ = {
			isa = XCBuildConfiguration;
			buildSettings = {
				ALWAYS_SEARCH_USER_PATHS = NO;
				CLANG_CXX_LANGUAGE_STANDARD = "gnu++0x";
				CLANG_CXX_LIBRARY = "libc++";
				CLANG_ENABLE_MODULES = YES;
				CLANG_ENABLE_OBJC_ARC = YES;
				CLANG_WARN_BOOL_CONVERSION = YES;
				CLANG_WARN_CONSTANT_CONVERSION = YES;
				CLANG_WARN_DIRECT_OBJC_ISA_USAGE = YES_ERROR;
				CLANG_WARN_EMPTY_BODY = YES;
				CLANG_WARN_ENUM_CONVERSION = YES;
				CLANG_WARN_INT_CONVERSION = YES;
				CLANG_WARN_OBJC_ROOT_CLASS = YES_ERROR;
				CLANG_WARN_UNREACHABLE_CODE = YES;
				CLANG_WARN__DUPLICATE_METHOD_MATCH = YES;
				CODE_SIGN_IDENTITY = "-";
				COPY_PHASE_STRIP = NO;
				DEBUG_INFORMATION_FORMAT = "dwarf-with-dsym";
				ENABLE_NS_ASSERTIONS = NO;
				ENABLE_STRICT_OBJC_MSGSEND = YES;
				GCC_C_LANGUAGE_STANDARD = gnu99;
				GCC_NO_COMMON_BLOCKS = YES;
				GCC_WARN_64_TO_32_BIT_CONVERSION = YES;
				GCC_WARN_ABOUT_RETURN_TYPE = YES_ERROR;
				GCC_WARN_UNDECLARED_SELECTOR = YES;
				GCC_WARN_UNINITIALIZED_AUTOS = YES_AGGRESSIVE;
				GCC_WARN_UNUSED_FUNCTION = YES;
				GCC_WARN_UNUSED_VARIABLE = YES;
				MACOSX_DEPLOYMENT_TARGET = 10.11;
				MTL_ENABLE_DEBUG_INFO = NO;
				SDKROOT = macosx;
			};
			name = Release;
		};
		5209E1E01C2757FB0069F18E /* Debug */ = {
			isa = XCBuildConfiguration;
			buildSettings = {
				ASSETCATALOG_COMPILER_APPICON_NAME = AppIcon;
				CODE_SIGN_IDENTITY = "Mac Developer";
				"CODE_SIGN_IDENTITY[sdk=macosx*]" = "Mac Developer";
				COMBINE_HIDPI_IMAGES = YES;
				INFOPLIST_FILE = "fn Toggle/Info.plist";
				LD_RUNPATH_SEARCH_PATHS = "$(inherited) @executable_path/../Frameworks";
				PRODUCT_BUNDLE_IDENTIFIER = "com.spiraal.fn-Toggle";
				PRODUCT_NAME = "$(TARGET_NAME)";
				PROVISIONING_PROFILE = "";
			};
			name = Debug;
		};
		5209E1E11C2757FB0069F18E /* Release */ = {
			isa = XCBuildConfiguration;
			buildSettings = {
				ASSETCATALOG_COMPILER_APPICON_NAME = AppIcon;
				CODE_SIGN_IDENTITY = "Mac Developer";
				"CODE_SIGN_IDENTITY[sdk=macosx*]" = "Mac Developer";
				COMBINE_HIDPI_IMAGES = YES;
				INFOPLIST_FILE = "fn Toggle/Info.plist";
				LD_RUNPATH_SEARCH_PATHS = "$(inherited) @executable_path/../Frameworks";
				PRODUCT_BUNDLE_IDENTIFIER = "com.spiraal.fn-Toggle";
				PRODUCT_NAME = "$(TARGET_NAME)";
				PROVISIONING_PROFILE = "";
			};
			name = Release;
		};
/* End XCBuildConfiguration section */

/* Begin XCConfigurationList section */
		5209E1CD1C2757FB0069F18E /* Build configuration list for PBXProject "fn Toggle" */ = {
			isa = XCConfigurationList;
			buildConfigurations = (
				5209E1DD1C2757FB0069F18E /* Debug */,
				5209E1DE1C2757FB0069F18E /* Release */,
			);
			defaultConfigurationIsVisible = 0;
			defaultConfigurationName = Release;
		};
		5209E1DF1C2757FB0069F18E /* Build configuration list for PBXNativeTarget "fn Toggle" */ = {
			isa = XCConfigurationList;
			buildConfigurations = (
				5209E1E01C2757FB0069F18E /* Debug */,
				5209E1E11C2757FB0069F18E /* Release */,
			);
			defaultConfigurationIsVisible = 0;
			defaultConfigurationName = Release;
		};
/* End XCConfigurationList section */
	};
	rootObject = 5209E1CA1C2757FB0069F18E /* Project object */;
}
